
Microsoft Visual Studio Solution File, Format Version 12.00
# Visual Studio Version 17
VisualStudioVersion = 17.6.33829.357
MinimumVisualStudioVersion = 10.0.40219.1
Project("{FAE04EC0-301F-11D3-BF4B-00C04F79EFBC}") = "ScopicTask", "ScopicTask.csproj", "{243A4423-1915-43CE-91EE-E0F36CF422BF}"
EndProject
Global
	GlobalSection(SolutionConfigurationPlatforms) = preSolution
		Debug|Any CPU = Debug|Any CPU
		Release|Any CPU = Release|Any CPU
	EndGlobalSection
	GlobalSection(ProjectConfigurationPlatforms) = postSolution
		{243A4423-1915-43CE-91EE-E0F36CF422BF}.Debug|Any CPU.ActiveCfg = Debug|Any CPU
		{243A4423-1915-43CE-91EE-E0F36CF422BF}.Debug|Any CPU.Build.0 = Debug|Any CPU
		{243A4423-1915-43CE-91EE-E0F36CF422BF}.Release|Any CPU.ActiveCfg = Release|Any CPU
		{243A4423-1915-43CE-91EE-E0F36CF422BF}.Release|Any CPU.Build.0 = Release|Any CPU
	EndGlobalSection
	GlobalSection(SolutionProperties) = preSolution
		HideSolutionNode = FALSE
	EndGlobalSection
	GlobalSection(ExtensibilityGlobals) = postSolution
		SolutionGuid = {C7362206-928C-4BC3-8F9A-011C58148CF3}
	EndGlobalSection
EndGlobal
